
Microsoft Visual Studio Solution File, Format Version 12.00
# Visual Studio Version 17
VisualStudioVersion = 17.4.33213.308
MinimumVisualStudioVersion = 10.0.40219.1
Project("{F184B08F-C81C-45F6-A57F-5ABD9991F28F}") = "классная работа 6", "классная работа 6\классная работа 6.vbproj", "{8961E44D-0C4E-4B3E-A32C-449F60F1D0EC}"
EndProject
Global
	GlobalSection(SolutionConfigurationPlatforms) = preSolution
		Debug|Any CPU = Debug|Any CPU
		Release|Any CPU = Release|Any CPU
	EndGlobalSection
	GlobalSection(ProjectConfigurationPlatforms) = postSolution
		{8961E44D-0C4E-4B3E-A32C-449F60F1D0EC}.Debug|Any CPU.ActiveCfg = Debug|Any CPU
		{8961E44D-0C4E-4B3E-A32C-449F60F1D0EC}.Debug|Any CPU.Build.0 = Debug|Any CPU
		{8961E44D-0C4E-4B3E-A32C-449F60F1D0EC}.Release|Any CPU.ActiveCfg = Release|Any CPU
		{8961E44D-0C4E-4B3E-A32C-449F60F1D0EC}.Release|Any CPU.Build.0 = Release|Any CPU
	EndGlobalSection
	GlobalSection(SolutionProperties) = preSolution
		HideSolutionNode = FALSE
	EndGlobalSection
	GlobalSection(ExtensibilityGlobals) = postSolution
		SolutionGuid = {BBEE9329-CE8F-4325-BBE6-2779A94BE913}
	EndGlobalSection
EndGlobal
